
Microsoft Visual Studio Solution File, Format Version 12.00
# Visual Studio Version 17
VisualStudioVersion = 17.8.34525.116
MinimumVisualStudioVersion = 10.0.40219.1
Project("{2150E333-8FDC-42A3-9474-1A3956D46DE8}") = "src", "src", "{21F8E6F3-CC9B-4F54-B5C2-6535A20373AA}"
EndProject
Project("{2150E333-8FDC-42A3-9474-1A3956D46DE8}") = "API", "API", "{0CF30E87-FF3E-43D8-A56A-387D75270CD7}"
EndProject
Project("{2150E333-8FDC-42A3-9474-1A3956D46DE8}") = "Core", "Core", "{C077D3AF-B491-4339-8EF9-5B7769263B7A}"
EndProject
Project("{2150E333-8FDC-42A3-9474-1A3956D46DE8}") = "Common", "Common", "{84A2BD38-5D1D-43B9-924D-5DD1EAA8DFE1}"
EndProject
Project("{2150E333-8FDC-42A3-9474-1A3956D46DE8}") = "Infrastructure", "Infrastructure", "{3447542F-9C9C-4CB7-B6A1-704991569097}"
EndProject
Project("{9A19103F-16F7-4668-BE54-9A1E7A4F7556}") = "Tarker.Booking.Api", "Tarker.Booking.Api\Tarker.Booking.Api.csproj", "{B7155CFD-BBB1-4717-8875-48AA92CC4B7C}"
EndProject
Project("{9A19103F-16F7-4668-BE54-9A1E7A4F7556}") = "Tarker.Booking.Domain", "Tarker.Booking.Domain\Tarker.Booking.Domain.csproj", "{A4F70519-725E-44A6-9845-BD992534D5B2}"
EndProject
Project("{9A19103F-16F7-4668-BE54-9A1E7A4F7556}") = "Tarker.Booking.Application", "Tarker.Booking.Application\Tarker.Booking.Application.csproj", "{C627354C-EA4E-4150-A087-708706BF6A5F}"
EndProject
Project("{9A19103F-16F7-4668-BE54-9A1E7A4F7556}") = "Tarker.Booking.Persistence", "Tarker.Booking.Persistence\Tarker.Booking.Persistence.csproj", "{1DFA5663-A6BF-4EDA-BA15-CCC355F8313D}"
EndProject
Project("{9A19103F-16F7-4668-BE54-9A1E7A4F7556}") = "Tarker.Booking.External", "Tarker.Booking.External\Tarker.Booking.External.csproj", "{B83E7F11-38A9-4634-89DC-55C53A2DF55D}"
EndProject
Project("{9A19103F-16F7-4668-BE54-9A1E7A4F7556}") = "Tarker.Booking.Common", "Tarker.Booking.Common\Tarker.Booking.Common.csproj", "{D4330B9F-986C-4909-AE14-0C078A160287}"
EndProject
Global
	GlobalSection(SolutionConfigurationPlatforms) = preSolution
		Debug|Any CPU = Debug|Any CPU
		Release|Any CPU = Release|Any CPU
	EndGlobalSection
	GlobalSection(ProjectConfigurationPlatforms) = postSolution
		{B7155CFD-BBB1-4717-8875-48AA92CC4B7C}.Debug|Any CPU.ActiveCfg = Debug|Any CPU
		{B7155CFD-BBB1-4717-8875-48AA92CC4B7C}.Debug|Any CPU.Build.0 = Debug|Any CPU
		{B7155CFD-BBB1-4717-8875-48AA92CC4B7C}.Release|Any CPU.ActiveCfg = Release|Any CPU
		{B7155CFD-BBB1-4717-8875-48AA92CC4B7C}.Release|Any CPU.Build.0 = Release|Any CPU
		{A4F70519-725E-44A6-9845-BD992534D5B2}.Debug|Any CPU.ActiveCfg = Debug|Any CPU
		{A4F70519-725E-44A6-9845-BD992534D5B2}.Debug|Any CPU.Build.0 = Debug|Any CPU
		{A4F70519-725E-44A6-9845-BD992534D5B2}.Release|Any CPU.ActiveCfg = Release|Any CPU
		{A4F70519-725E-44A6-9845-BD992534D5B2}.Release|Any CPU.Build.0 = Release|Any CPU
		{C627354C-EA4E-4150-A087-708706BF6A5F}.Debug|Any CPU.ActiveCfg = Debug|Any CPU
		{C627354C-EA4E-4150-A087-708706BF6A5F}.Debug|Any CPU.Build.0 = Debug|Any CPU
		{C627354C-EA4E-4150-A087-708706BF6A5F}.Release|Any CPU.ActiveCfg = Release|Any CPU
		{C627354C-EA4E-4150-A087-708706BF6A5F}.Release|Any CPU.Build.0 = Release|Any CPU
		{1DFA5663-A6BF-4EDA-BA15-CCC355F8313D}.Debug|Any CPU.ActiveCfg = Debug|Any CPU
		{1DFA5663-A6BF-4EDA-BA15-CCC355F8313D}.Debug|Any CPU.Build.0 = Debug|Any CPU
		{1DFA5663-A6BF-4EDA-BA15-CCC355F8313D}.Release|Any CPU.ActiveCfg = Release|Any CPU
		{1DFA5663-A6BF-4EDA-BA15-CCC355F8313D}.Release|Any CPU.Build.0 = Release|Any CPU
		{B83E7F11-38A9-4634-89DC-55C53A2DF55D}.Debug|Any CPU.ActiveCfg = Debug|Any CPU
		{B83E7F11-38A9-4634-89DC-55C53A2DF55D}.Debug|Any CPU.Build.0 = Debug|Any CPU
		{B83E7F11-38A9-4634-89DC-55C53A2DF55D}.Release|Any CPU.ActiveCfg = Release|Any CPU
		{B83E7F11-38A9-4634-89DC-55C53A2DF55D}.Release|Any CPU.Build.0 = Release|Any CPU
		{D4330B9F-986C-4909-AE14-0C078A160287}.Debug|Any CPU.ActiveCfg = Debug|Any CPU
		{D4330B9F-986C-4909-AE14-0C078A160287}.Debug|Any CPU.Build.0 = Debug|Any CPU
		{D4330B9F-986C-4909-AE14-0C078A160287}.Release|Any CPU.ActiveCfg = Release|Any CPU
		{D4330B9F-986C-4909-AE14-0C078A160287}.Release|Any CPU.Build.0 = Release|Any CPU
	EndGlobalSection
	GlobalSection(SolutionProperties) = preSolution
		HideSolutionNode = FALSE
	EndGlobalSection
	GlobalSection(NestedProjects) = preSolution
		{0CF30E87-FF3E-43D8-A56A-387D75270CD7} = {21F8E6F3-CC9B-4F54-B5C2-6535A20373AA}
		{C077D3AF-B491-4339-8EF9-5B7769263B7A} = {21F8E6F3-CC9B-4F54-B5C2-6535A20373AA}
		{84A2BD38-5D1D-43B9-924D-5DD1EAA8DFE1} = {21F8E6F3-CC9B-4F54-B5C2-6535A20373AA}
		{3447542F-9C9C-4CB7-B6A1-704991569097} = {21F8E6F3-CC9B-4F54-B5C2-6535A20373AA}
		{B7155CFD-BBB1-4717-8875-48AA92CC4B7C} = {0CF30E87-FF3E-43D8-A56A-387D75270CD7}
		{A4F70519-725E-44A6-9845-BD992534D5B2} = {C077D3AF-B491-4339-8EF9-5B7769263B7A}
		{C627354C-EA4E-4150-A087-708706BF6A5F} = {C077D3AF-B491-4339-8EF9-5B7769263B7A}
		{1DFA5663-A6BF-4EDA-BA15-CCC355F8313D} = {3447542F-9C9C-4CB7-B6A1-704991569097}
		{B83E7F11-38A9-4634-89DC-55C53A2DF55D} = {3447542F-9C9C-4CB7-B6A1-704991569097}
		{D4330B9F-986C-4909-AE14-0C078A160287} = {84A2BD38-5D1D-43B9-924D-5DD1EAA8DFE1}
	EndGlobalSection
	GlobalSection(ExtensibilityGlobals) = postSolution
		SolutionGuid = {3EAFC465-38F1-45DF-B3F5-D69CCF5A078E}
	EndGlobalSection
EndGlobal
